
Microsoft Visual Studio Solution File, Format Version 12.00
# Visual Studio Version 16
VisualStudioVersion = 16.0.30804.86
MinimumVisualStudioVersion = 10.0.40219.1
Project("{FAE04EC0-301F-11D3-BF4B-00C04F79EFBC}") = "DecLoader", "DecLoader\DecLoader.csproj", "{FA299D35-9727-4D00-B55A-1DD428082943}"
EndProject
Project("{FAE04EC0-301F-11D3-BF4B-00C04F79EFBC}") = "General", "General\General.csproj", "{12C36AD5-4E0F-4963-B23A-4DCDD30AB671}"
EndProject
Project("{FAE04EC0-301F-11D3-BF4B-00C04F79EFBC}") = "GoogleSheets", "GoogleSheets\GoogleSheets.csproj", "{539449D3-16CF-448A-9BCB-98C883D9C9B9}"
EndProject
Global
	GlobalSection(SolutionConfigurationPlatforms) = preSolution
		Debug|Any CPU = Debug|Any CPU
		Release|Any CPU = Release|Any CPU
	EndGlobalSection
	GlobalSection(ProjectConfigurationPlatforms) = postSolution
		{FA299D35-9727-4D00-B55A-1DD428082943}.Debug|Any CPU.ActiveCfg = Debug|Any CPU
		{FA299D35-9727-4D00-B55A-1DD428082943}.Debug|Any CPU.Build.0 = Debug|Any CPU
		{FA299D35-9727-4D00-B55A-1DD428082943}.Release|Any CPU.ActiveCfg = Release|Any CPU
		{FA299D35-9727-4D00-B55A-1DD428082943}.Release|Any CPU.Build.0 = Release|Any CPU
		{12C36AD5-4E0F-4963-B23A-4DCDD30AB671}.Debug|Any CPU.ActiveCfg = Debug|Any CPU
		{12C36AD5-4E0F-4963-B23A-4DCDD30AB671}.Debug|Any CPU.Build.0 = Debug|Any CPU
		{12C36AD5-4E0F-4963-B23A-4DCDD30AB671}.Release|Any CPU.ActiveCfg = Release|Any CPU
		{12C36AD5-4E0F-4963-B23A-4DCDD30AB671}.Release|Any CPU.Build.0 = Release|Any CPU
		{539449D3-16CF-448A-9BCB-98C883D9C9B9}.Debug|Any CPU.ActiveCfg = Debug|Any CPU
		{539449D3-16CF-448A-9BCB-98C883D9C9B9}.Debug|Any CPU.Build.0 = Debug|Any CPU
		{539449D3-16CF-448A-9BCB-98C883D9C9B9}.Release|Any CPU.ActiveCfg = Release|Any CPU
		{539449D3-16CF-448A-9BCB-98C883D9C9B9}.Release|Any CPU.Build.0 = Release|Any CPU
	EndGlobalSection
	GlobalSection(SolutionProperties) = preSolution
		HideSolutionNode = FALSE
	EndGlobalSection
	GlobalSection(ExtensibilityGlobals) = postSolution
		SolutionGuid = {977AA9E4-E588-4A71-B141-923039B04CA8}
	EndGlobalSection
EndGlobal
