
Microsoft Visual Studio Solution File, Format Version 12.00
# Visual Studio Version 16
VisualStudioVersion = 16.0.30804.86
MinimumVisualStudioVersion = 10.0.40219.1
Project("{888888A0-9F3D-457C-B088-3A5042F75D52}") = "PageDownloader", "PageDownloader\PageDownloader.pyproj", "{7F2740A3-714E-418E-8419-CD9E870A3CD0}"
EndProject
Project("{FAE04EC0-301F-11D3-BF4B-00C04F79EFBC}") = "PageParser", "PageParser\PageParser.csproj", "{4094CDF4-F046-4301-B433-4887F4301EDD}"
EndProject
Project("{FAE04EC0-301F-11D3-BF4B-00C04F79EFBC}") = "PageDownloaderSharp", "PageDownloaderSharp\PageDownloaderSharp.csproj", "{593A88B0-477A-4DD3-AA4D-0A242A8F684F}"
EndProject
Global
	GlobalSection(SolutionConfigurationPlatforms) = preSolution
		Debug|Any CPU = Debug|Any CPU
		Release|Any CPU = Release|Any CPU
	EndGlobalSection
	GlobalSection(ProjectConfigurationPlatforms) = postSolution
		{7F2740A3-714E-418E-8419-CD9E870A3CD0}.Debug|Any CPU.ActiveCfg = Debug|Any CPU
		{7F2740A3-714E-418E-8419-CD9E870A3CD0}.Release|Any CPU.ActiveCfg = Release|Any CPU
		{4094CDF4-F046-4301-B433-4887F4301EDD}.Debug|Any CPU.ActiveCfg = Debug|Any CPU
		{4094CDF4-F046-4301-B433-4887F4301EDD}.Debug|Any CPU.Build.0 = Debug|Any CPU
		{4094CDF4-F046-4301-B433-4887F4301EDD}.Release|Any CPU.ActiveCfg = Release|Any CPU
		{4094CDF4-F046-4301-B433-4887F4301EDD}.Release|Any CPU.Build.0 = Release|Any CPU
		{593A88B0-477A-4DD3-AA4D-0A242A8F684F}.Debug|Any CPU.ActiveCfg = Debug|Any CPU
		{593A88B0-477A-4DD3-AA4D-0A242A8F684F}.Debug|Any CPU.Build.0 = Debug|Any CPU
		{593A88B0-477A-4DD3-AA4D-0A242A8F684F}.Release|Any CPU.ActiveCfg = Release|Any CPU
		{593A88B0-477A-4DD3-AA4D-0A242A8F684F}.Release|Any CPU.Build.0 = Release|Any CPU
	EndGlobalSection
	GlobalSection(SolutionProperties) = preSolution
		HideSolutionNode = FALSE
	EndGlobalSection
	GlobalSection(ExtensibilityGlobals) = postSolution
		SolutionGuid = {977AA9E4-E588-4A71-B141-923039B04CA8}
	EndGlobalSection
EndGlobal
